
Microsoft Visual Studio Solution File, Format Version 12.00
# Visual Studio Version 16
VisualStudioVersion = 16.0.30204.135
MinimumVisualStudioVersion = 10.0.40219.1
Project("{9A19103F-16F7-4668-BE54-9A1E7A4F7556}") = "SharedFlat", "SharedFlat\SharedFlat.csproj", "{203F7360-5EE4-4F99-91D8-BB7AD8B2CF5F}"
EndProject
Project("{2150E333-8FDC-42A3-9474-1A3956D46DE8}") = "Solution Items", "Solution Items", "{6598DA57-8F51-4F88-B93E-D873FDE377F9}"
	ProjectSection(SolutionItems) = preProject
		.gitignore = .gitignore
		gfdl.txt = gfdl.txt
		lgpl.txt = lgpl.txt
		README.md = README.md
	EndProjectSection
EndProject
Project("{9A19103F-16F7-4668-BE54-9A1E7A4F7556}") = "SharedFlat.Sample.Abc", "SharedFlat.Sample.Abc\SharedFlat.Sample.Abc.csproj", "{B7412100-CE5D-4C28-8F81-CC0E609F1739}"
EndProject
Project("{9A19103F-16F7-4668-BE54-9A1E7A4F7556}") = "SharedFlat.Sample", "SharedFlat.Sample\SharedFlat.Sample.csproj", "{0D4E2362-7357-40B5-8919-4811A78E786D}"
EndProject
Global
	GlobalSection(SolutionConfigurationPlatforms) = preSolution
		Debug|Any CPU = Debug|Any CPU
		Release|Any CPU = Release|Any CPU
	EndGlobalSection
	GlobalSection(ProjectConfigurationPlatforms) = postSolution
		{203F7360-5EE4-4F99-91D8-BB7AD8B2CF5F}.Debug|Any CPU.ActiveCfg = Debug|Any CPU
		{203F7360-5EE4-4F99-91D8-BB7AD8B2CF5F}.Debug|Any CPU.Build.0 = Debug|Any CPU
		{203F7360-5EE4-4F99-91D8-BB7AD8B2CF5F}.Release|Any CPU.ActiveCfg = Release|Any CPU
		{203F7360-5EE4-4F99-91D8-BB7AD8B2CF5F}.Release|Any CPU.Build.0 = Release|Any CPU
		{B7412100-CE5D-4C28-8F81-CC0E609F1739}.Debug|Any CPU.ActiveCfg = Debug|Any CPU
		{B7412100-CE5D-4C28-8F81-CC0E609F1739}.Debug|Any CPU.Build.0 = Debug|Any CPU
		{B7412100-CE5D-4C28-8F81-CC0E609F1739}.Release|Any CPU.ActiveCfg = Release|Any CPU
		{B7412100-CE5D-4C28-8F81-CC0E609F1739}.Release|Any CPU.Build.0 = Release|Any CPU
		{0D4E2362-7357-40B5-8919-4811A78E786D}.Debug|Any CPU.ActiveCfg = Debug|Any CPU
		{0D4E2362-7357-40B5-8919-4811A78E786D}.Debug|Any CPU.Build.0 = Debug|Any CPU
		{0D4E2362-7357-40B5-8919-4811A78E786D}.Release|Any CPU.ActiveCfg = Release|Any CPU
		{0D4E2362-7357-40B5-8919-4811A78E786D}.Release|Any CPU.Build.0 = Release|Any CPU
	EndGlobalSection
	GlobalSection(SolutionProperties) = preSolution
		HideSolutionNode = FALSE
	EndGlobalSection
	GlobalSection(ExtensibilityGlobals) = postSolution
		SolutionGuid = {059F6BBB-2BC3-4AC7-A845-659E71AF2B1A}
	EndGlobalSection
EndGlobal
